
Microsoft Visual Studio Solution File, Format Version 12.00
# Visual Studio Version 16
VisualStudioVersion = 16.0.29102.190
MinimumVisualStudioVersion = 10.0.40219.1
Project("{FAE04EC0-301F-11D3-BF4B-00C04F79EFBC}") = "Progetto Cloud", "Progetto Cloud\Progetto Cloud.csproj", "{29B785BC-85C4-4C78-8B70-A41A2B3EDB04}"
EndProject
Global
	GlobalSection(SolutionConfigurationPlatforms) = preSolution
		Debug|Any CPU = Debug|Any CPU
		Release|Any CPU = Release|Any CPU
	EndGlobalSection
	GlobalSection(ProjectConfigurationPlatforms) = postSolution
		{29B785BC-85C4-4C78-8B70-A41A2B3EDB04}.Debug|Any CPU.ActiveCfg = Debug|Any CPU
		{29B785BC-85C4-4C78-8B70-A41A2B3EDB04}.Debug|Any CPU.Build.0 = Debug|Any CPU
		{29B785BC-85C4-4C78-8B70-A41A2B3EDB04}.Release|Any CPU.ActiveCfg = Release|Any CPU
		{29B785BC-85C4-4C78-8B70-A41A2B3EDB04}.Release|Any CPU.Build.0 = Release|Any CPU
	EndGlobalSection
	GlobalSection(SolutionProperties) = preSolution
		HideSolutionNode = FALSE
	EndGlobalSection
	GlobalSection(ExtensibilityGlobals) = postSolution
		SolutionGuid = {ADD90630-3699-4925-831A-C657FAFACB2E}
	EndGlobalSection
EndGlobal
